
Microsoft Visual Studio Solution File, Format Version 12.00
# Visual Studio Version 17
VisualStudioVersion = 17.14.36401.2
MinimumVisualStudioVersion = 10.0.40219.1
Project("{2150E333-8FDC-42A3-9474-1A3956D46DE8}") = "code-analysis", "code-analysis", "{02EA681E-C7D8-13C7-8484-4AC65E1B71E8}"
	ProjectSection(SolutionItems) = preProject
		.editorconfig = .editorconfig
	EndProjectSection
EndProject
Project("{2150E333-8FDC-42A3-9474-1A3956D46DE8}") = "src", "src", "{6530A95E-1036-4DD8-B384-F65789A9F252}"
EndProject
Project("{FAE04EC0-301F-11D3-BF4B-00C04F79EFBC}") = "EvroTrust.DigitalSigning.WebApi", "src\EvroTrust.DigitalSigning.WebApi\EvroTrust.DigitalSigning.WebApi.csproj", "{637B9EEE-463D-3E1D-3980-CBD826C0B8E0}"
EndProject
Project("{FAE04EC0-301F-11D3-BF4B-00C04F79EFBC}") = "EvroTrust.DigitalSigning.Persistence", "src\EvroTrust.DigitalSigning.Persistence\EvroTrust.DigitalSigning.Persistence.csproj", "{C94EB23D-203E-440F-A016-5C0D0E87B34E}"
EndProject
Project("{E53339B2-1760-4266-BCC7-CA923CBCF16C}") = "docker-compose", "docker-compose.dcproj", "{5B233DE4-5407-4765-A2FA-C466ECD1565D}"
EndProject
Project("{2150E333-8FDC-42A3-9474-1A3956D46DE8}") = "docs", "docs", "{6BAB1CE7-EF4A-4CE9-AA0C-62416549F3B8}"
	ProjectSection(SolutionItems) = preProject
		docs\patterns.md = docs\patterns.md
	EndProjectSection
EndProject
Project("{FAE04EC0-301F-11D3-BF4B-00C04F79EFBC}") = "EvroTrust.Infrastructure.Messaging", "src\EvroTrust.Infrastructure.Messaging\EvroTrust.Infrastructure.Messaging.csproj", "{48DBA680-6936-4BA2-869B-46F109A2F664}"
EndProject
Project("{2150E333-8FDC-42A3-9474-1A3956D46DE8}") = "test", "test", "{25AFDA4D-BE7E-4EEF-8EDC-9B02BA7472BE}"
EndProject
Project("{FAE04EC0-301F-11D3-BF4B-00C04F79EFBC}") = "EvroTrust.DigitalSigning.Tests", "test\EvroTrust.DigitalSigning.Tests\EvroTrust.DigitalSigning.Tests.csproj", "{32AD5904-24AE-484F-8D50-E4A0BAAAC69A}"
EndProject
Project("{FAE04EC0-301F-11D3-BF4B-00C04F79EFBC}") = "EvroTrust.DigitalSigning.Domain.Services", "src\EvroTrust.DigitalSigning.Domain.Services\EvroTrust.DigitalSigning.Domain.Services.csproj", "{EC3446BF-98E1-4080-BBE7-3D0CD3267158}"
EndProject
Project("{FAE04EC0-301F-11D3-BF4B-00C04F79EFBC}") = "EvroTrust.DigitalSigning.Extensions", "src\EvroTrust.DigitalSigning.Extensions\EvroTrust.DigitalSigning.Extensions.csproj", "{D6D80475-C0B5-49B8-8C33-92C131551E89}"
EndProject
Project("{FAE04EC0-301F-11D3-BF4B-00C04F79EFBC}") = "EvroTrust.DigitalSigning.BackgroundServices", "src\EvroTrust.DigitalSigning.BackgroundServices\EvroTrust.DigitalSigning.BackgroundServices.csproj", "{ABB594AC-5BDA-ED7C-C900-D207DCE9331A}"
EndProject
Project("{2150E333-8FDC-42A3-9474-1A3956D46DE8}") = "Solution Items", "Solution Items", "{8EC462FD-D22E-90A8-E5CE-7E832BA40C5D}"
	ProjectSection(SolutionItems) = preProject
		.github\workflows\dotnet.yml = .github\workflows\dotnet.yml
	EndProjectSection
EndProject
Global
	GlobalSection(SolutionConfigurationPlatforms) = preSolution
		Debug|Any CPU = Debug|Any CPU
		Release|Any CPU = Release|Any CPU
	EndGlobalSection
	GlobalSection(ProjectConfigurationPlatforms) = postSolution
		{637B9EEE-463D-3E1D-3980-CBD826C0B8E0}.Debug|Any CPU.ActiveCfg = Debug|Any CPU
		{637B9EEE-463D-3E1D-3980-CBD826C0B8E0}.Debug|Any CPU.Build.0 = Debug|Any CPU
		{637B9EEE-463D-3E1D-3980-CBD826C0B8E0}.Release|Any CPU.ActiveCfg = Release|Any CPU
		{637B9EEE-463D-3E1D-3980-CBD826C0B8E0}.Release|Any CPU.Build.0 = Release|Any CPU
		{C94EB23D-203E-440F-A016-5C0D0E87B34E}.Debug|Any CPU.ActiveCfg = Debug|Any CPU
		{C94EB23D-203E-440F-A016-5C0D0E87B34E}.Debug|Any CPU.Build.0 = Debug|Any CPU
		{C94EB23D-203E-440F-A016-5C0D0E87B34E}.Release|Any CPU.ActiveCfg = Release|Any CPU
		{C94EB23D-203E-440F-A016-5C0D0E87B34E}.Release|Any CPU.Build.0 = Release|Any CPU
		{5B233DE4-5407-4765-A2FA-C466ECD1565D}.Debug|Any CPU.ActiveCfg = Debug|Any CPU
		{5B233DE4-5407-4765-A2FA-C466ECD1565D}.Debug|Any CPU.Build.0 = Debug|Any CPU
		{5B233DE4-5407-4765-A2FA-C466ECD1565D}.Release|Any CPU.ActiveCfg = Release|Any CPU
		{5B233DE4-5407-4765-A2FA-C466ECD1565D}.Release|Any CPU.Build.0 = Release|Any CPU
		{48DBA680-6936-4BA2-869B-46F109A2F664}.Debug|Any CPU.ActiveCfg = Debug|Any CPU
		{48DBA680-6936-4BA2-869B-46F109A2F664}.Debug|Any CPU.Build.0 = Debug|Any CPU
		{48DBA680-6936-4BA2-869B-46F109A2F664}.Release|Any CPU.ActiveCfg = Release|Any CPU
		{48DBA680-6936-4BA2-869B-46F109A2F664}.Release|Any CPU.Build.0 = Release|Any CPU
		{32AD5904-24AE-484F-8D50-E4A0BAAAC69A}.Debug|Any CPU.ActiveCfg = Debug|Any CPU
		{32AD5904-24AE-484F-8D50-E4A0BAAAC69A}.Debug|Any CPU.Build.0 = Debug|Any CPU
		{32AD5904-24AE-484F-8D50-E4A0BAAAC69A}.Release|Any CPU.ActiveCfg = Release|Any CPU
		{32AD5904-24AE-484F-8D50-E4A0BAAAC69A}.Release|Any CPU.Build.0 = Release|Any CPU
		{EC3446BF-98E1-4080-BBE7-3D0CD3267158}.Debug|Any CPU.ActiveCfg = Debug|Any CPU
		{EC3446BF-98E1-4080-BBE7-3D0CD3267158}.Debug|Any CPU.Build.0 = Debug|Any CPU
		{EC3446BF-98E1-4080-BBE7-3D0CD3267158}.Release|Any CPU.ActiveCfg = Release|Any CPU
		{EC3446BF-98E1-4080-BBE7-3D0CD3267158}.Release|Any CPU.Build.0 = Release|Any CPU
		{D6D80475-C0B5-49B8-8C33-92C131551E89}.Debug|Any CPU.ActiveCfg = Debug|Any CPU
		{D6D80475-C0B5-49B8-8C33-92C131551E89}.Debug|Any CPU.Build.0 = Debug|Any CPU
		{D6D80475-C0B5-49B8-8C33-92C131551E89}.Release|Any CPU.ActiveCfg = Release|Any CPU
		{D6D80475-C0B5-49B8-8C33-92C131551E89}.Release|Any CPU.Build.0 = Release|Any CPU
		{ABB594AC-5BDA-ED7C-C900-D207DCE9331A}.Debug|Any CPU.ActiveCfg = Debug|Any CPU
		{ABB594AC-5BDA-ED7C-C900-D207DCE9331A}.Debug|Any CPU.Build.0 = Debug|Any CPU
		{ABB594AC-5BDA-ED7C-C900-D207DCE9331A}.Release|Any CPU.ActiveCfg = Release|Any CPU
		{ABB594AC-5BDA-ED7C-C900-D207DCE9331A}.Release|Any CPU.Build.0 = Release|Any CPU
	EndGlobalSection
	GlobalSection(SolutionProperties) = preSolution
		HideSolutionNode = FALSE
	EndGlobalSection
	GlobalSection(NestedProjects) = preSolution
		{637B9EEE-463D-3E1D-3980-CBD826C0B8E0} = {6530A95E-1036-4DD8-B384-F65789A9F252}
		{C94EB23D-203E-440F-A016-5C0D0E87B34E} = {6530A95E-1036-4DD8-B384-F65789A9F252}
		{48DBA680-6936-4BA2-869B-46F109A2F664} = {6530A95E-1036-4DD8-B384-F65789A9F252}
		{32AD5904-24AE-484F-8D50-E4A0BAAAC69A} = {25AFDA4D-BE7E-4EEF-8EDC-9B02BA7472BE}
		{EC3446BF-98E1-4080-BBE7-3D0CD3267158} = {6530A95E-1036-4DD8-B384-F65789A9F252}
		{D6D80475-C0B5-49B8-8C33-92C131551E89} = {6530A95E-1036-4DD8-B384-F65789A9F252}
		{ABB594AC-5BDA-ED7C-C900-D207DCE9331A} = {6530A95E-1036-4DD8-B384-F65789A9F252}
	EndGlobalSection
	GlobalSection(ExtensibilityGlobals) = postSolution
		SolutionGuid = {AA89FBA7-D06D-438F-ACD8-8B7030B0700E}
	EndGlobalSection
EndGlobal
